
Microsoft Visual Studio Solution File, Format Version 12.00
Project("{FAE04EC0-301F-11D3-BF4B-00C04F79EFBC}") = "hilda-default-sets", "hilda-default-sets.csproj", "{2FDAE0F5-4A78-42B4-8448-D77D13D4B002}"
EndProject
Global
	GlobalSection(SolutionConfigurationPlatforms) = preSolution
		Debug|Any CPU = Debug|Any CPU
		Release|Any CPU = Release|Any CPU
	EndGlobalSection
	GlobalSection(ProjectConfigurationPlatforms) = postSolution
		{2FDAE0F5-4A78-42B4-8448-D77D13D4B002}.Debug|Any CPU.ActiveCfg = Debug|Any CPU
		{2FDAE0F5-4A78-42B4-8448-D77D13D4B002}.Debug|Any CPU.Build.0 = Debug|Any CPU
		{2FDAE0F5-4A78-42B4-8448-D77D13D4B002}.Release|Any CPU.ActiveCfg = Release|Any CPU
		{2FDAE0F5-4A78-42B4-8448-D77D13D4B002}.Release|Any CPU.Build.0 = Release|Any CPU
	EndGlobalSection
EndGlobal
